
Microsoft Visual Studio Solution File, Format Version 12.00
# Visual Studio Version 17
VisualStudioVersion = 17.7.34031.279
MinimumVisualStudioVersion = 10.0.40219.1
Project("{FAE04EC0-301F-11D3-BF4B-00C04F79EFBC}") = "ClientesApp2", "ClientesApp2.csproj", "{2FDD96F3-91D4-497C-8D28-97E92BC97FEA}"
EndProject
Global
	GlobalSection(SolutionConfigurationPlatforms) = preSolution
		Debug|Any CPU = Debug|Any CPU
		Release|Any CPU = Release|Any CPU
	EndGlobalSection
	GlobalSection(ProjectConfigurationPlatforms) = postSolution
		{2FDD96F3-91D4-497C-8D28-97E92BC97FEA}.Debug|Any CPU.ActiveCfg = Debug|Any CPU
		{2FDD96F3-91D4-497C-8D28-97E92BC97FEA}.Debug|Any CPU.Build.0 = Debug|Any CPU
		{2FDD96F3-91D4-497C-8D28-97E92BC97FEA}.Release|Any CPU.ActiveCfg = Release|Any CPU
		{2FDD96F3-91D4-497C-8D28-97E92BC97FEA}.Release|Any CPU.Build.0 = Release|Any CPU
	EndGlobalSection
	GlobalSection(SolutionProperties) = preSolution
		HideSolutionNode = FALSE
	EndGlobalSection
	GlobalSection(ExtensibilityGlobals) = postSolution
		SolutionGuid = {AD3A160C-2E2E-4890-92E5-D889F8933073}
	EndGlobalSection
EndGlobal
